
Microsoft Visual Studio Solution File, Format Version 12.00
# Visual Studio Version 17
VisualStudioVersion = 17.0.32126.317
MinimumVisualStudioVersion = 10.0.40219.1
Project("{FAE04EC0-301F-11D3-BF4B-00C04F79EFBC}") = "CsvSerialization", "CsvSerialization\CsvSerialization.csproj", "{30AE8F6B-CB3A-4AE6-9055-ACF0B3DFAFE9}"
EndProject
Project("{FAE04EC0-301F-11D3-BF4B-00C04F79EFBC}") = "CsvSerialization.Tests", "CsvSerialization.Tests\CsvSerialization.Tests.csproj", "{B71DA642-1A57-4020-AD09-874F1845193F}"
EndProject
Global
	GlobalSection(SolutionConfigurationPlatforms) = preSolution
		Debug|Any CPU = Debug|Any CPU
		Release|Any CPU = Release|Any CPU
	EndGlobalSection
	GlobalSection(ProjectConfigurationPlatforms) = postSolution
		{30AE8F6B-CB3A-4AE6-9055-ACF0B3DFAFE9}.Debug|Any CPU.ActiveCfg = Debug|Any CPU
		{30AE8F6B-CB3A-4AE6-9055-ACF0B3DFAFE9}.Debug|Any CPU.Build.0 = Debug|Any CPU
		{30AE8F6B-CB3A-4AE6-9055-ACF0B3DFAFE9}.Release|Any CPU.ActiveCfg = Release|Any CPU
		{30AE8F6B-CB3A-4AE6-9055-ACF0B3DFAFE9}.Release|Any CPU.Build.0 = Release|Any CPU
		{B71DA642-1A57-4020-AD09-874F1845193F}.Debug|Any CPU.ActiveCfg = Debug|Any CPU
		{B71DA642-1A57-4020-AD09-874F1845193F}.Debug|Any CPU.Build.0 = Debug|Any CPU
		{B71DA642-1A57-4020-AD09-874F1845193F}.Release|Any CPU.ActiveCfg = Release|Any CPU
		{B71DA642-1A57-4020-AD09-874F1845193F}.Release|Any CPU.Build.0 = Release|Any CPU
	EndGlobalSection
	GlobalSection(SolutionProperties) = preSolution
		HideSolutionNode = FALSE
	EndGlobalSection
	GlobalSection(ExtensibilityGlobals) = postSolution
		SolutionGuid = {926C58D4-6A64-400A-8819-2A7496F94CE5}
	EndGlobalSection
EndGlobal
